// !$*UTF8*$!
{
	archiveVersion = 1;
	classes = {
	};
	objectVersion = 55;
	objects = {

/* Begin PBXBuildFile section */
		973C2CEF279699F500FD2124 /* asPublisherSpec.swift in Sources */ = {isa = PBXBuildFile; fileRef = 973C2CEE279699F500FD2124 /* asPublisherSpec.swift */; };
		973C2CF0279699F500FD2124 /* asPublisherSpec.swift in Sources */ = {isa = PBXBuildFile; fileRef = 973C2CEE279699F500FD2124 /* asPublisherSpec.swift */; };
		973C2CF327969A6500FD2124 /* Nimble in Frameworks */ = {isa = PBXBuildFile; productRef = 973C2CF227969A6500FD2124 /* Nimble */; };
		973C2CF627969B2200FD2124 /* Quick in Frameworks */ = {isa = PBXBuildFile; productRef = 973C2CF527969B2200FD2124 /* Quick */; };
		973C2CF927969E0300FD2124 /* RxCocoa in Frameworks */ = {isa = PBXBuildFile; productRef = 973C2CF827969E0300FD2124 /* RxCocoa */; };
		973C2CFB27969E2A00FD2124 /* RxBlocking in Frameworks */ = {isa = PBXBuildFile; productRef = 973C2CFA27969E2A00FD2124 /* RxBlocking */; };
		973C2CFD27969E2A00FD2124 /* RxRelay in Frameworks */ = {isa = PBXBuildFile; productRef = 973C2CFC27969E2A00FD2124 /* RxRelay */; };
		973C2CFF27969E2A00FD2124 /* RxSwift in Frameworks */ = {isa = PBXBuildFile; productRef = 973C2CFE27969E2A00FD2124 /* RxSwift */; };
		973C2D0127969E2A00FD2124 /* RxTest in Frameworks */ = {isa = PBXBuildFile; productRef = 973C2D0027969E2A00FD2124 /* RxTest */; };
		973C2D0227969E8900FD2124 /* Observable+asPublisher.swift in Sources */ = {isa = PBXBuildFile; fileRef = 97A96CB52786208D001B2181 /* Observable+asPublisher.swift */; };
		97A96C9327853F8C001B2181 /* TestRxWithSwiftUIApp.swift in Sources */ = {isa = PBXBuildFile; fileRef = 97A96C6B27853F8B001B2181 /* TestRxWithSwiftUIApp.swift */; };
		97A96C9427853F8C001B2181 /* TestRxWithSwiftUIApp.swift in Sources */ = {isa = PBXBuildFile; fileRef = 97A96C6B27853F8B001B2181 /* TestRxWithSwiftUIApp.swift */; };
		97A96C9527853F8C001B2181 /* SubredditView.swift in Sources */ = {isa = PBXBuildFile; fileRef = 97A96C6C27853F8B001B2181 /* SubredditView.swift */; };
		97A96C9627853F8C001B2181 /* SubredditView.swift in Sources */ = {isa = PBXBuildFile; fileRef = 97A96C6C27853F8B001B2181 /* SubredditView.swift */; };
		97A96C9727853F8C001B2181 /* Assets.xcassets in Resources */ = {isa = PBXBuildFile; fileRef = 97A96C6D27853F8C001B2181 /* Assets.xcassets */; };
		97A96C9827853F8C001B2181 /* Assets.xcassets in Resources */ = {isa = PBXBuildFile; fileRef = 97A96C6D27853F8C001B2181 /* Assets.xcassets */; };
		97A96CA927854128001B2181 /* RxBlocking in Frameworks */ = {isa = PBXBuildFile; productRef = 97A96CA827854128001B2181 /* RxBlocking */; };
		97A96CAB27854128001B2181 /* RxCocoa in Frameworks */ = {isa = PBXBuildFile; productRef = 97A96CAA27854128001B2181 /* RxCocoa */; };
		97A96CAD27854128001B2181 /* RxRelay in Frameworks */ = {isa = PBXBuildFile; productRef = 97A96CAC27854128001B2181 /* RxRelay */; };
		97A96CAF27854128001B2181 /* RxSwift in Frameworks */ = {isa = PBXBuildFile; productRef = 97A96CAE27854128001B2181 /* RxSwift */; };
		97A96CB327854263001B2181 /* GetReddit.swift in Sources */ = {isa = PBXBuildFile; fileRef = 97A96CB227854263001B2181 /* GetReddit.swift */; };
		97A96CB427854263001B2181 /* GetReddit.swift in Sources */ = {isa = PBXBuildFile; fileRef = 97A96CB227854263001B2181 /* GetReddit.swift */; };
		97A96CB62786208D001B2181 /* Observable+asPublisher.swift in Sources */ = {isa = PBXBuildFile; fileRef = 97A96CB52786208D001B2181 /* Observable+asPublisher.swift */; };
		97A96CB72786208D001B2181 /* Observable+asPublisher.swift in Sources */ = {isa = PBXBuildFile; fileRef = 97A96CB52786208D001B2181 /* Observable+asPublisher.swift */; };
/* End PBXBuildFile section */

/* Begin PBXContainerItemProxy section */
		97A96C8027853F8C001B2181 /* PBXContainerItemProxy */ = {
			isa = PBXContainerItemProxy;
			containerPortal = 97A96C6627853F8B001B2181 /* Project object */;
			proxyType = 1;
			remoteGlobalIDString = 97A96C7127853F8C001B2181;
			remoteInfo = "TestRxWithSwiftUI (iOS)";
		};
		97A96C8C27853F8C001B2181 /* PBXContainerItemProxy */ = {
			isa = PBXContainerItemProxy;
			containerPortal = 97A96C6627853F8B001B2181 /* Project object */;
			proxyType = 1;
			remoteGlobalIDString = 97A96C7727853F8C001B2181;
			remoteInfo = "TestRxWithSwiftUI (macOS)";
		};
/* End PBXContainerItemProxy section */

/* Begin PBXFileReference section */
		973C2CEC279699F400FD2124 /* Tests iOS-Bridging-Header.h */ = {isa = PBXFileReference; lastKnownFileType = sourcecode.c.h; path = "Tests iOS-Bridging-Header.h"; sourceTree = "<group>"; };
		973C2CED279699F400FD2124 /* Tests macOS-Bridging-Header.h */ = {isa = PBXFileReference; lastKnownFileType = sourcecode.c.h; path = "Tests macOS-Bridging-Header.h"; sourceTree = "<group>"; };
		973C2CEE279699F500FD2124 /* asPublisherSpec.swift */ = {isa = PBXFileReference; lastKnownFileType = sourcecode.swift; path = asPublisherSpec.swift; sourceTree = "<group>"; };
		97A96C6B27853F8B001B2181 /* TestRxWithSwiftUIApp.swift */ = {isa = PBXFileReference; lastKnownFileType = sourcecode.swift; path = TestRxWithSwiftUIApp.swift; sourceTree = "<group>"; };
		97A96C6C27853F8B001B2181 /* SubredditView.swift */ = {isa = PBXFileReference; lastKnownFileType = sourcecode.swift; path = SubredditView.swift; sourceTree = "<group>"; };
		97A96C6D27853F8C001B2181 /* Assets.xcassets */ = {isa = PBXFileReference; lastKnownFileType = folder.assetcatalog; path = Assets.xcassets; sourceTree = "<group>"; };
		97A96C7227853F8C001B2181 /* TestRxWithSwiftUI.app */ = {isa = PBXFileReference; explicitFileType = wrapper.application; includeInIndex = 0; path = TestRxWithSwiftUI.app; sourceTree = BUILT_PRODUCTS_DIR; };
		97A96C7827853F8C001B2181 /* TestRxWithSwiftUI.app */ = {isa = PBXFileReference; explicitFileType = wrapper.application; includeInIndex = 0; path = TestRxWithSwiftUI.app; sourceTree = BUILT_PRODUCTS_DIR; };
		97A96C7A27853F8C001B2181 /* macOS.entitlements */ = {isa = PBXFileReference; lastKnownFileType = text.plist.entitlements; path = macOS.entitlements; sourceTree = "<group>"; };
		97A96C7F27853F8C001B2181 /* Tests iOS.xctest */ = {isa = PBXFileReference; explicitFileType = wrapper.cfbundle; includeInIndex = 0; path = "Tests iOS.xctest"; sourceTree = BUILT_PRODUCTS_DIR; };
		97A96C8B27853F8C001B2181 /* Tests macOS.xctest */ = {isa = PBXFileReference; explicitFileType = wrapper.cfbundle; includeInIndex = 0; path = "Tests macOS.xctest"; sourceTree = BUILT_PRODUCTS_DIR; };
		97A96CB227854263001B2181 /* GetReddit.swift */ = {isa = PBXFileReference; lastKnownFileType = sourcecode.swift; path = GetReddit.swift; sourceTree = "<group>"; };
		97A96CB52786208D001B2181 /* Observable+asPublisher.swift */ = {isa = PBXFileReference; lastKnownFileType = sourcecode.swift; path = "Observable+asPublisher.swift"; sourceTree = "<group>"; };
/* End PBXFileReference section */

/* Begin PBXFrameworksBuildPhase section */
		97A96C6F27853F8C001B2181 /* Frameworks */ = {
			isa = PBXFrameworksBuildPhase;
			buildActionMask = 2147483647;
			files = (
				97A96CAD27854128001B2181 /* RxRelay in Frameworks */,
				97A96CAB27854128001B2181 /* RxCocoa in Frameworks */,
				97A96CAF27854128001B2181 /* RxSwift in Frameworks */,
				97A96CA927854128001B2181 /* RxBlocking in Frameworks */,
			);
			runOnlyForDeploymentPostprocessing = 0;
		};
		97A96C7527853F8C001B2181 /* Frameworks */ = {
			isa = PBXFrameworksBuildPhase;
			buildActionMask = 2147483647;
			files = (
			);
			runOnlyForDeploymentPostprocessing = 0;
		};
		97A96C7C27853F8C001B2181 /* Frameworks */ = {
			isa = PBXFrameworksBuildPhase;
			buildActionMask = 2147483647;
			files = (
				973C2D0127969E2A00FD2124 /* RxTest in Frameworks */,
				973C2CFF27969E2A00FD2124 /* RxSwift in Frameworks */,
				973C2CFD27969E2A00FD2124 /* RxRelay in Frameworks */,
				973C2CF927969E0300FD2124 /* RxCocoa in Frameworks */,
				973C2CFB27969E2A00FD2124 /* RxBlocking in Frameworks */,
				973C2CF627969B2200FD2124 /* Quick in Frameworks */,
				973C2CF327969A6500FD2124 /* Nimble in Frameworks */,
			);
			runOnlyForDeploymentPostprocessing = 0;
		};
		97A96C8827853F8C001B2181 /* Frameworks */ = {
			isa = PBXFrameworksBuildPhase;
			buildActionMask = 2147483647;
			files = (
			);
			runOnlyForDeploymentPostprocessing = 0;
		};
/* End PBXFrameworksBuildPhase section */

/* Begin PBXGroup section */
		973C2CEB279699CD00FD2124 /* Specs */ = {
			isa = PBXGroup;
			children = (
				973C2CEE279699F500FD2124 /* asPublisherSpec.swift */,
				973C2CEC279699F400FD2124 /* Tests iOS-Bridging-Header.h */,
				973C2CED279699F400FD2124 /* Tests macOS-Bridging-Header.h */,
			);
			path = Specs;
			sourceTree = "<group>";
		};
		973C2CF727969E0300FD2124 /* Frameworks */ = {
			isa = PBXGroup;
			children = (
			);
			name = Frameworks;
			sourceTree = "<group>";
		};
		97A96C6527853F8B001B2181 = {
			isa = PBXGroup;
			children = (
				973C2CEB279699CD00FD2124 /* Specs */,
				97A96C6A27853F8B001B2181 /* Shared */,
				97A96C7927853F8C001B2181 /* macOS */,
				97A96C7327853F8C001B2181 /* Products */,
				973C2CF727969E0300FD2124 /* Frameworks */,
			);
			sourceTree = "<group>";
		};
		97A96C6A27853F8B001B2181 /* Shared */ = {
			isa = PBXGroup;
			children = (
				97A96C6B27853F8B001B2181 /* TestRxWithSwiftUIApp.swift */,
				97A96C6C27853F8B001B2181 /* SubredditView.swift */,
				97A96C6D27853F8C001B2181 /* Assets.xcassets */,
				97A96CB227854263001B2181 /* GetReddit.swift */,
				97A96CB52786208D001B2181 /* Observable+asPublisher.swift */,
			);
			path = Shared;
			sourceTree = "<group>";
		};
		97A96C7327853F8C001B2181 /* Products */ = {
			isa = PBXGroup;
			children = (
				97A96C7227853F8C001B2181 /* TestRxWithSwiftUI.app */,
				97A96C7827853F8C001B2181 /* TestRxWithSwiftUI.app */,
				97A96C7F27853F8C001B2181 /* Tests iOS.xctest */,
				97A96C8B27853F8C001B2181 /* Tests macOS.xctest */,
			);
			name = Products;
			sourceTree = "<group>";
		};
		97A96C7927853F8C001B2181 /* macOS */ = {
			isa = PBXGroup;
			children = (
				97A96C7A27853F8C001B2181 /* macOS.entitlements */,
			);
			path = macOS;
			sourceTree = "<group>";
		};
/* End PBXGroup section */

/* Begin PBXNativeTarget section */
		97A96C7127853F8C001B2181 /* TestRxWithSwiftUI (iOS) */ = {
			isa = PBXNativeTarget;
			buildConfigurationList = 97A96C9B27853F8C001B2181 /* Build configuration list for PBXNativeTarget "TestRxWithSwiftUI (iOS)" */;
			buildPhases = (
				97A96C6E27853F8C001B2181 /* Sources */,
				97A96C6F27853F8C001B2181 /* Frameworks */,
				97A96C7027853F8C001B2181 /* Resources */,
			);
			buildRules = (
			);
			dependencies = (
			);
			name = "TestRxWithSwiftUI (iOS)";
			packageProductDependencies = (
				97A96CA827854128001B2181 /* RxBlocking */,
				97A96CAA27854128001B2181 /* RxCocoa */,
				97A96CAC27854128001B2181 /* RxRelay */,
				97A96CAE27854128001B2181 /* RxSwift */,
			);
			productName = "TestRxWithSwiftUI (iOS)";
			productReference = 97A96C7227853F8C001B2181 /* TestRxWithSwiftUI.app */;
			productType = "com.apple.product-type.application";
		};
		97A96C7727853F8C001B2181 /* TestRxWithSwiftUI (macOS) */ = {
			isa = PBXNativeTarget;
			buildConfigurationList = 97A96C9E27853F8C001B2181 /* Build configuration list for PBXNativeTarget "TestRxWithSwiftUI (macOS)" */;
			buildPhases = (
				97A96C7427853F8C001B2181 /* Sources */,
				97A96C7527853F8C001B2181 /* Frameworks */,
				97A96C7627853F8C001B2181 /* Resources */,
			);
			buildRules = (
			);
			dependencies = (
			);
			name = "TestRxWithSwiftUI (macOS)";
			productName = "TestRxWithSwiftUI (macOS)";
			productReference = 97A96C7827853F8C001B2181 /* TestRxWithSwiftUI.app */;
			productType = "com.apple.product-type.application";
		};
		97A96C7E27853F8C001B2181 /* Tests iOS */ = {
			isa = PBXNativeTarget;
			buildConfigurationList = 97A96CA127853F8C001B2181 /* Build configuration list for PBXNativeTarget "Tests iOS" */;
			buildPhases = (
				97A96C7B27853F8C001B2181 /* Sources */,
				97A96C7C27853F8C001B2181 /* Frameworks */,
				97A96C7D27853F8C001B2181 /* Resources */,
			);
			buildRules = (
			);
			dependencies = (
				97A96C8127853F8C001B2181 /* PBXTargetDependency */,
			);
			name = "Tests iOS";
			packageProductDependencies = (
				973C2CF227969A6500FD2124 /* Nimble */,
				973C2CF527969B2200FD2124 /* Quick */,
				973C2CF827969E0300FD2124 /* RxCocoa */,
				973C2CFA27969E2A00FD2124 /* RxBlocking */,
				973C2CFC27969E2A00FD2124 /* RxRelay */,
				973C2CFE27969E2A00FD2124 /* RxSwift */,
				973C2D0027969E2A00FD2124 /* RxTest */,
			);
			productName = "Tests iOS";
			productReference = 97A96C7F27853F8C001B2181 /* Tests iOS.xctest */;
			productType = "com.apple.product-type.bundle.ui-testing";
		};
		97A96C8A27853F8C001B2181 /* Tests macOS */ = {
			isa = PBXNativeTarget;
			buildConfigurationList = 97A96CA427853F8C001B2181 /* Build configuration list for PBXNativeTarget "Tests macOS" */;
			buildPhases = (
				97A96C8727853F8C001B2181 /* Sources */,
				97A96C8827853F8C001B2181 /* Frameworks */,
				97A96C8927853F8C001B2181 /* Resources */,
			);
			buildRules = (
			);
			dependencies = (
				97A96C8D27853F8C001B2181 /* PBXTargetDependency */,
			);
			name = "Tests macOS";
			productName = "Tests macOS";
			productReference = 97A96C8B27853F8C001B2181 /* Tests macOS.xctest */;
			productType = "com.apple.product-type.bundle.ui-testing";
		};
/* End PBXNativeTarget section */

/* Begin PBXProject section */
		97A96C6627853F8B001B2181 /* Project object */ = {
			isa = PBXProject;
			attributes = {
				BuildIndependentTargetsInParallel = 1;
				LastSwiftUpdateCheck = 1310;
				LastUpgradeCheck = 1310;
				TargetAttributes = {
					97A96C7127853F8C001B2181 = {
						CreatedOnToolsVersion = 13.1;
					};
					97A96C7727853F8C001B2181 = {
						CreatedOnToolsVersion = 13.1;
					};
					97A96C7E27853F8C001B2181 = {
						CreatedOnToolsVersion = 13.1;
						LastSwiftMigration = 1320;
						TestTargetID = 97A96C7127853F8C001B2181;
					};
					97A96C8A27853F8C001B2181 = {
						CreatedOnToolsVersion = 13.1;
						LastSwiftMigration = 1320;
						TestTargetID = 97A96C7727853F8C001B2181;
					};
				};
			};
			buildConfigurationList = 97A96C6927853F8B001B2181 /* Build configuration list for PBXProject "TestRxWithSwiftUI" */;
			compatibilityVersion = "Xcode 13.0";
			developmentRegion = en;
			hasScannedForEncodings = 0;
			knownRegions = (
				en,
				Base,
			);
			mainGroup = 97A96C6527853F8B001B2181;
			packageReferences = (
				97A96CA727854128001B2181 /* XCRemoteSwiftPackageReference "RxSwift" */,
				973C2CF127969A6500FD2124 /* XCRemoteSwiftPackageReference "Nimble" */,
				973C2CF427969B2200FD2124 /* XCRemoteSwiftPackageReference "Quick" */,
			);
			productRefGroup = 97A96C7327853F8C001B2181 /* Products */;
			projectDirPath = "";
			projectRoot = "";
			targets = (
				97A96C7127853F8C001B2181 /* TestRxWithSwiftUI (iOS) */,
				97A96C7727853F8C001B2181 /* TestRxWithSwiftUI (macOS) */,
				97A96C7E27853F8C001B2181 /* Tests iOS */,
				97A96C8A27853F8C001B2181 /* Tests macOS */,
			);
		};
/* End PBXProject section */

/* Begin PBXResourcesBuildPhase section */
		97A96C7027853F8C001B2181 /* Resources */ = {
			isa = PBXResourcesBuildPhase;
			buildActionMask = 2147483647;
			files = (
				97A96C9727853F8C001B2181 /* Assets.xcassets in Resources */,
			);
			runOnlyForDeploymentPostprocessing = 0;
		};
		97A96C7627853F8C001B2181 /* Resources */ = {
			isa = PBXResourcesBuildPhase;
			buildActionMask = 2147483647;
			files = (
				97A96C9827853F8C001B2181 /* Assets.xcassets in Resources */,
			);
			runOnlyForDeploymentPostprocessing = 0;
		};
		97A96C7D27853F8C001B2181 /* Resources */ = {
			isa = PBXResourcesBuildPhase;
			buildActionMask = 2147483647;
			files = (
			);
			runOnlyForDeploymentPostprocessing = 0;
		};
		97A96C8927853F8C001B2181 /* Resources */ = {
			isa = PBXResourcesBuildPhase;
			buildActionMask = 2147483647;
			files = (
			);
			runOnlyForDeploymentPostprocessing = 0;
		};
/* End PBXResourcesBuildPhase section */

/* Begin PBXSourcesBuildPhase section */
		97A96C6E27853F8C001B2181 /* Sources */ = {
			isa = PBXSourcesBuildPhase;
			buildActionMask = 2147483647;
			files = (
				97A96C9527853F8C001B2181 /* SubredditView.swift in Sources */,
				97A96CB62786208D001B2181 /* Observable+asPublisher.swift in Sources */,
				97A96CB327854263001B2181 /* GetReddit.swift in Sources */,
				97A96C9327853F8C001B2181 /* TestRxWithSwiftUIApp.swift in Sources */,
			);
			runOnlyForDeploymentPostprocessing = 0;
		};
		97A96C7427853F8C001B2181 /* Sources */ = {
			isa = PBXSourcesBuildPhase;
			buildActionMask = 2147483647;
			files = (
				97A96C9627853F8C001B2181 /* SubredditView.swift in Sources */,
				97A96CB72786208D001B2181 /* Observable+asPublisher.swift in Sources */,
				97A96CB427854263001B2181 /* GetReddit.swift in Sources */,
				97A96C9427853F8C001B2181 /* TestRxWithSwiftUIApp.swift in Sources */,
			);
			runOnlyForDeploymentPostprocessing = 0;
		};
		97A96C7B27853F8C001B2181 /* Sources */ = {
			isa = PBXSourcesBuildPhase;
			buildActionMask = 2147483647;
			files = (
				973C2D0227969E8900FD2124 /* Observable+asPublisher.swift in Sources */,
				973C2CEF279699F500FD2124 /* asPublisherSpec.swift in Sources */,
			);
			runOnlyForDeploymentPostprocessing = 0;
		};
		97A96C8727853F8C001B2181 /* Sources */ = {
			isa = PBXSourcesBuildPhase;
			buildActionMask = 2147483647;
			files = (
				973C2CF0279699F500FD2124 /* asPublisherSpec.swift in Sources */,
			);
			runOnlyForDeploymentPostprocessing = 0;
		};
/* End PBXSourcesBuildPhase section */

/* Begin PBXTargetDependency section */
		97A96C8127853F8C001B2181 /* PBXTargetDependency */ = {
			isa = PBXTargetDependency;
			target = 97A96C7127853F8C001B2181 /* TestRxWithSwiftUI (iOS) */;
			targetProxy = 97A96C8027853F8C001B2181 /* PBXContainerItemProxy */;
		};
		97A96C8D27853F8C001B2181 /* PBXTargetDependency */ = {
			isa = PBXTargetDependency;
			target = 97A96C7727853F8C001B2181 /* TestRxWithSwiftUI (macOS) */;
			targetProxy = 97A96C8C27853F8C001B2181 /* PBXContainerItemProxy */;
		};
/* End PBXTargetDependency section */

/* Begin XCBuildConfiguration section */
		97A96C9927853F8C001B2181 /* Debug */ = {
			isa = XCBuildConfiguration;
			buildSettings = {
				ALWAYS_SEARCH_USER_PATHS = NO;
				CLANG_ANALYZER_NONNULL = YES;
				CLANG_ANALYZER_NUMBER_OBJECT_CONVERSION = YES_AGGRESSIVE;
				CLANG_CXX_LANGUAGE_STANDARD = "gnu++17";
				CLANG_CXX_LIBRARY = "libc++";
				CLANG_ENABLE_MODULES = YES;
				CLANG_ENABLE_OBJC_ARC = YES;
				CLANG_ENABLE_OBJC_WEAK = YES;
				CLANG_WARN_BLOCK_CAPTURE_AUTORELEASING = YES;
				CLANG_WARN_BOOL_CONVERSION = YES;
				CLANG_WARN_COMMA = YES;
				CLANG_WARN_CONSTANT_CONVERSION = YES;
				CLANG_WARN_DEPRECATED_OBJC_IMPLEMENTATIONS = YES;
				CLANG_WARN_DIRECT_OBJC_ISA_USAGE = YES_ERROR;
				CLANG_WARN_DOCUMENTATION_COMMENTS = YES;
				CLANG_WARN_EMPTY_BODY = YES;
				CLANG_WARN_ENUM_CONVERSION = YES;
				CLANG_WARN_INFINITE_RECURSION = YES;
				CLANG_WARN_INT_CONVERSION = YES;
				CLANG_WARN_NON_LITERAL_NULL_CONVERSION = YES;
				CLANG_WARN_OBJC_IMPLICIT_RETAIN_SELF = YES;
				CLANG_WARN_OBJC_LITERAL_CONVERSION = YES;
				CLANG_WARN_OBJC_ROOT_CLASS = YES_ERROR;
				CLANG_WARN_QUOTED_INCLUDE_IN_FRAMEWORK_HEADER = YES;
				CLANG_WARN_RANGE_LOOP_ANALYSIS = YES;
				CLANG_WARN_STRICT_PROTOTYPES = YES;
				CLANG_WARN_SUSPICIOUS_MOVE = YES;
				CLANG_WARN_UNGUARDED_AVAILABILITY = YES_AGGRESSIVE;
				CLANG_WARN_UNREACHABLE_CODE = YES;
				CLANG_WARN__DUPLICATE_METHOD_MATCH = YES;
				COPY_PHASE_STRIP = NO;
				DEBUG_INFORMATION_FORMAT = dwarf;
				ENABLE_STRICT_OBJC_MSGSEND = YES;
				ENABLE_TESTABILITY = YES;
				GCC_C_LANGUAGE_STANDARD = gnu11;
				GCC_DYNAMIC_NO_PIC = NO;
				GCC_NO_COMMON_BLOCKS = YES;
				GCC_OPTIMIZATION_LEVEL = 0;
				GCC_PREPROCESSOR_DEFINITIONS = (
					"DEBUG=1",
					"$(inherited)",
				);
				GCC_WARN_64_TO_32_BIT_CONVERSION = YES;
				GCC_WARN_ABOUT_RETURN_TYPE = YES_ERROR;
				GCC_WARN_UNDECLARED_SELECTOR = YES;
				GCC_WARN_UNINITIALIZED_AUTOS = YES_AGGRESSIVE;
				GCC_WARN_UNUSED_FUNCTION = YES;
				GCC_WARN_UNUSED_VARIABLE = YES;
				MTL_ENABLE_DEBUG_INFO = INCLUDE_SOURCE;
				MTL_FAST_MATH = YES;
				ONLY_ACTIVE_ARCH = YES;
				SWIFT_ACTIVE_COMPILATION_CONDITIONS = DEBUG;
				SWIFT_OPTIMIZATION_LEVEL = "-Onone";
			};
			name = Debug;
		};
		97A96C9A27853F8C001B2181 /* Release */ = {
			isa = XCBuildConfiguration;
			buildSettings = {
				ALWAYS_SEARCH_USER_PATHS = NO;
				CLANG_ANALYZER_NONNULL = YES;
				CLANG_ANALYZER_NUMBER_OBJECT_CONVERSION = YES_AGGRESSIVE;
				CLANG_CXX_LANGUAGE_STANDARD = "gnu++17";
				CLANG_CXX_LIBRARY = "libc++";
				CLANG_ENABLE_MODULES = YES;
				CLANG_ENABLE_OBJC_ARC = YES;
				CLANG_ENABLE_OBJC_WEAK = YES;
				CLANG_WARN_BLOCK_CAPTURE_AUTORELEASING = YES;
				CLANG_WARN_BOOL_CONVERSION = YES;
				CLANG_WARN_COMMA = YES;
				CLANG_WARN_CONSTANT_CONVERSION = YES;
				CLANG_WARN_DEPRECATED_OBJC_IMPLEMENTATIONS = YES;
				CLANG_WARN_DIRECT_OBJC_ISA_USAGE = YES_ERROR;
				CLANG_WARN_DOCUMENTATION_COMMENTS = YES;
				CLANG_WARN_EMPTY_BODY = YES;
				CLANG_WARN_ENUM_CONVERSION = YES;
				CLANG_WARN_INFINITE_RECURSION = YES;
				CLANG_WARN_INT_CONVERSION = YES;
				CLANG_WARN_NON_LITERAL_NULL_CONVERSION = YES;
				CLANG_WARN_OBJC_IMPLICIT_RETAIN_SELF = YES;
				CLANG_WARN_OBJC_LITERAL_CONVERSION = YES;
				CLANG_WARN_OBJC_ROOT_CLASS = YES_ERROR;
				CLANG_WARN_QUOTED_INCLUDE_IN_FRAMEWORK_HEADER = YES;
				CLANG_WARN_RANGE_LOOP_ANALYSIS = YES;
				CLANG_WARN_STRICT_PROTOTYPES = YES;
				CLANG_WARN_SUSPICIOUS_MOVE = YES;
				CLANG_WARN_UNGUARDED_AVAILABILITY = YES_AGGRESSIVE;
				CLANG_WARN_UNREACHABLE_CODE = YES;
				CLANG_WARN__DUPLICATE_METHOD_MATCH = YES;
				COPY_PHASE_STRIP = NO;
				DEBUG_INFORMATION_FORMAT = "dwarf-with-dsym";
				ENABLE_NS_ASSERTIONS = NO;
				ENABLE_STRICT_OBJC_MSGSEND = YES;
				GCC_C_LANGUAGE_STANDARD = gnu11;
				GCC_NO_COMMON_BLOCKS = YES;
				GCC_WARN_64_TO_32_BIT_CONVERSION = YES;
				GCC_WARN_ABOUT_RETURN_TYPE = YES_ERROR;
				GCC_WARN_UNDECLARED_SELECTOR = YES;
				GCC_WARN_UNINITIALIZED_AUTOS = YES_AGGRESSIVE;
				GCC_WARN_UNUSED_FUNCTION = YES;
				GCC_WARN_UNUSED_VARIABLE = YES;
				MTL_ENABLE_DEBUG_INFO = NO;
				MTL_FAST_MATH = YES;
				SWIFT_COMPILATION_MODE = wholemodule;
				SWIFT_OPTIMIZATION_LEVEL = "-O";
			};
			name = Release;
		};
		97A96C9C27853F8C001B2181 /* Debug */ = {
			isa = XCBuildConfiguration;
			buildSettings = {
				ASSETCATALOG_COMPILER_APPICON_NAME = AppIcon;
				ASSETCATALOG_COMPILER_GLOBAL_ACCENT_COLOR_NAME = AccentColor;
				CODE_SIGN_STYLE = Automatic;
				CURRENT_PROJECT_VERSION = 1;
				DEVELOPMENT_TEAM = 7G8MJMXW55;
				ENABLE_PREVIEWS = YES;
				GENERATE_INFOPLIST_FILE = YES;
				INFOPLIST_KEY_UIApplicationSceneManifest_Generation = YES;
				INFOPLIST_KEY_UIApplicationSupportsIndirectInputEvents = YES;
				INFOPLIST_KEY_UILaunchScreen_Generation = YES;
				INFOPLIST_KEY_UISupportedInterfaceOrientations_iPad = "UIInterfaceOrientationPortrait UIInterfaceOrientationPortraitUpsideDown UIInterfaceOrientationLandscapeLeft UIInterfaceOrientationLandscapeRight";
				INFOPLIST_KEY_UISupportedInterfaceOrientations_iPhone = "UIInterfaceOrientationPortrait UIInterfaceOrientationLandscapeLeft UIInterfaceOrientationLandscapeRight";
				IPHONEOS_DEPLOYMENT_TARGET = 15.0;
				LD_RUNPATH_SEARCH_PATHS = (
					"$(inherited)",
					"@executable_path/Frameworks",
				);
				MARKETING_VERSION = 1.0;
				PRODUCT_BUNDLE_IDENTIFIER = com.davidz.TestRxWithSwiftUI;
				PRODUCT_NAME = TestRxWithSwiftUI;
				SDKROOT = iphoneos;
				SWIFT_EMIT_LOC_STRINGS = YES;
				SWIFT_VERSION = 5.0;
				TARGETED_DEVICE_FAMILY = "1,2";
			};
			name = Debug;
		};
		97A96C9D27853F8C001B2181 /* Release */ = {
			isa = XCBuildConfiguration;
			buildSettings = {
				ASSETCATALOG_COMPILER_APPICON_NAME = AppIcon;
				ASSETCATALOG_COMPILER_GLOBAL_ACCENT_COLOR_NAME = AccentColor;
				CODE_SIGN_STYLE = Automatic;
				CURRENT_PROJECT_VERSION = 1;
				DEVELOPMENT_TEAM = 7G8MJMXW55;
				ENABLE_PREVIEWS = YES;
				GENERATE_INFOPLIST_FILE = YES;
				INFOPLIST_KEY_UIApplicationSceneManifest_Generation = YES;
				INFOPLIST_KEY_UIApplicationSupportsIndirectInputEvents = YES;
				INFOPLIST_KEY_UILaunchScreen_Generation = YES;
				INFOPLIST_KEY_UISupportedInterfaceOrientations_iPad = "UIInterfaceOrientationPortrait UIInterfaceOrientationPortraitUpsideDown UIInterfaceOrientationLandscapeLeft UIInterfaceOrientationLandscapeRight";
				INFOPLIST_KEY_UISupportedInterfaceOrientations_iPhone = "UIInterfaceOrientationPortrait UIInterfaceOrientationLandscapeLeft UIInterfaceOrientationLandscapeRight";
				IPHONEOS_DEPLOYMENT_TARGET = 15.0;
				LD_RUNPATH_SEARCH_PATHS = (
					"$(inherited)",
					"@executable_path/Frameworks",
				);
				MARKETING_VERSION = 1.0;
				PRODUCT_BUNDLE_IDENTIFIER = com.davidz.TestRxWithSwiftUI;
				PRODUCT_NAME = TestRxWithSwiftUI;
				SDKROOT = iphoneos;
				SWIFT_EMIT_LOC_STRINGS = YES;
				SWIFT_VERSION = 5.0;
				TARGETED_DEVICE_FAMILY = "1,2";
				VALIDATE_PRODUCT = YES;
			};
			name = Release;
		};
		97A96C9F27853F8C001B2181 /* Debug */ = {
			isa = XCBuildConfiguration;
			buildSettings = {
				ASSETCATALOG_COMPILER_APPICON_NAME = AppIcon;
				ASSETCATALOG_COMPILER_GLOBAL_ACCENT_COLOR_NAME = AccentColor;
				CODE_SIGN_ENTITLEMENTS = macOS/macOS.entitlements;
				CODE_SIGN_STYLE = Automatic;
				COMBINE_HIDPI_IMAGES = YES;
				CURRENT_PROJECT_VERSION = 1;
				DEVELOPMENT_TEAM = 7G8MJMXW55;
				ENABLE_PREVIEWS = YES;
				GENERATE_INFOPLIST_FILE = YES;
				INFOPLIST_KEY_NSHumanReadableCopyright = "";
				LD_RUNPATH_SEARCH_PATHS = (
					"$(inherited)",
					"@executable_path/../Frameworks",
				);
				MACOSX_DEPLOYMENT_TARGET = 12.0;
				MARKETING_VERSION = 1.0;
				PRODUCT_BUNDLE_IDENTIFIER = com.davidz.TestRxWithSwiftUI;
				PRODUCT_NAME = TestRxWithSwiftUI;
				SDKROOT = macosx;
				SWIFT_EMIT_LOC_STRINGS = YES;
				SWIFT_VERSION = 5.0;
			};
			name = Debug;
		};
		97A96CA027853F8C001B2181 /* Release */ = {
			isa = XCBuildConfiguration;
			buildSettings = {
				ASSETCATALOG_COMPILER_APPICON_NAME = AppIcon;
				ASSETCATALOG_COMPILER_GLOBAL_ACCENT_COLOR_NAME = AccentColor;
				CODE_SIGN_ENTITLEMENTS = macOS/macOS.entitlements;
				CODE_SIGN_STYLE = Automatic;
				COMBINE_HIDPI_IMAGES = YES;
				CURRENT_PROJECT_VERSION = 1;
				DEVELOPMENT_TEAM = 7G8MJMXW55;
				ENABLE_PREVIEWS = YES;
				GENERATE_INFOPLIST_FILE = YES;
				INFOPLIST_KEY_NSHumanReadableCopyright = "";
				LD_RUNPATH_SEARCH_PATHS = (
					"$(inherited)",
					"@executable_path/../Frameworks",
				);
				MACOSX_DEPLOYMENT_TARGET = 12.0;
				MARKETING_VERSION = 1.0;
				PRODUCT_BUNDLE_IDENTIFIER = com.davidz.TestRxWithSwiftUI;
				PRODUCT_NAME = TestRxWithSwiftUI;
				SDKROOT = macosx;
				SWIFT_EMIT_LOC_STRINGS = YES;
				SWIFT_VERSION = 5.0;
			};
			name = Release;
		};
		97A96CA227853F8C001B2181 /* Debug */ = {
			isa = XCBuildConfiguration;
			buildSettings = {
				ALWAYS_EMBED_SWIFT_STANDARD_LIBRARIES = YES;
				CLANG_ENABLE_MODULES = YES;
				CODE_SIGN_STYLE = Automatic;
				CURRENT_PROJECT_VERSION = 1;
				GENERATE_INFOPLIST_FILE = YES;
				IPHONEOS_DEPLOYMENT_TARGET = 15.0;
				LD_RUNPATH_SEARCH_PATHS = (
					"$(inherited)",
					"@executable_path/Frameworks",
					"@loader_path/Frameworks",
				);
				MARKETING_VERSION = 1.0;
				PRODUCT_BUNDLE_IDENTIFIER = "com.davidz.Tests-iOS";
				PRODUCT_NAME = "$(TARGET_NAME)";
				SDKROOT = iphoneos;
				SWIFT_EMIT_LOC_STRINGS = NO;
				SWIFT_OBJC_BRIDGING_HEADER = "Specs/Tests iOS-Bridging-Header.h";
				SWIFT_OPTIMIZATION_LEVEL = "-Onone";
				SWIFT_VERSION = 5.0;
				TARGETED_DEVICE_FAMILY = "1,2";
				TEST_TARGET_NAME = "TestRxWithSwiftUI (iOS)";
			};
			name = Debug;
		};
		97A96CA327853F8C001B2181 /* Release */ = {
			isa = XCBuildConfiguration;
			buildSettings = {
				ALWAYS_EMBED_SWIFT_STANDARD_LIBRARIES = YES;
				CLANG_ENABLE_MODULES = YES;
				CODE_SIGN_STYLE = Automatic;
				CURRENT_PROJECT_VERSION = 1;
				GENERATE_INFOPLIST_FILE = YES;
				IPHONEOS_DEPLOYMENT_TARGET = 15.0;
				LD_RUNPATH_SEARCH_PATHS = (
					"$(inherited)",
					"@executable_path/Frameworks",
					"@loader_path/Frameworks",
				);
				MARKETING_VERSION = 1.0;
				PRODUCT_BUNDLE_IDENTIFIER = "com.davidz.Tests-iOS";
				PRODUCT_NAME = "$(TARGET_NAME)";
				SDKROOT = iphoneos;
				SWIFT_EMIT_LOC_STRINGS = NO;
				SWIFT_OBJC_BRIDGING_HEADER = "Specs/Tests iOS-Bridging-Header.h";
				SWIFT_VERSION = 5.0;
				TARGETED_DEVICE_FAMILY = "1,2";
				TEST_TARGET_NAME = "TestRxWithSwiftUI (iOS)";
				VALIDATE_PRODUCT = YES;
			};
			name = Release;
		};
		97A96CA527853F8C001B2181 /* Debug */ = {
			isa = XCBuildConfiguration;
			buildSettings = {
				ALWAYS_EMBED_SWIFT_STANDARD_LIBRARIES = YES;
				CLANG_ENABLE_MODULES = YES;
				CODE_SIGN_STYLE = Automatic;
				COMBINE_HIDPI_IMAGES = YES;
				CURRENT_PROJECT_VERSION = 1;
				GENERATE_INFOPLIST_FILE = YES;
				LD_RUNPATH_SEARCH_PATHS = (
					"$(inherited)",
					"@executable_path/../Frameworks",
					"@loader_path/../Frameworks",
				);
				MACOSX_DEPLOYMENT_TARGET = 12.0;
				MARKETING_VERSION = 1.0;
				PRODUCT_BUNDLE_IDENTIFIER = "com.davidz.Tests-macOS";
				PRODUCT_NAME = "$(TARGET_NAME)";
				SDKROOT = macosx;
				SWIFT_EMIT_LOC_STRINGS = NO;
				SWIFT_OBJC_BRIDGING_HEADER = "Specs/Tests macOS-Bridging-Header.h";
				SWIFT_OPTIMIZATION_LEVEL = "-Onone";
				SWIFT_VERSION = 5.0;
				TEST_TARGET_NAME = "TestRxWithSwiftUI (macOS)";
			};
			name = Debug;
		};
		97A96CA627853F8C001B2181 /* Release */ = {
			isa = XCBuildConfiguration;
			buildSettings = {
				ALWAYS_EMBED_SWIFT_STANDARD_LIBRARIES = YES;
				CLANG_ENABLE_MODULES = YES;
				CODE_SIGN_STYLE = Automatic;
				COMBINE_HIDPI_IMAGES = YES;
				CURRENT_PROJECT_VERSION = 1;
				GENERATE_INFOPLIST_FILE = YES;
				LD_RUNPATH_SEARCH_PATHS = (
					"$(inherited)",
					"@executable_path/../Frameworks",
					"@loader_path/../Frameworks",
				);
				MACOSX_DEPLOYMENT_TARGET = 12.0;
				MARKETING_VERSION = 1.0;
				PRODUCT_BUNDLE_IDENTIFIER = "com.davidz.Tests-macOS";
				PRODUCT_NAME = "$(TARGET_NAME)";
				SDKROOT = macosx;
				SWIFT_EMIT_LOC_STRINGS = NO;
				SWIFT_OBJC_BRIDGING_HEADER = "Specs/Tests macOS-Bridging-Header.h";
				SWIFT_VERSION = 5.0;
				TEST_TARGET_NAME = "TestRxWithSwiftUI (macOS)";
			};
			name = Release;
		};
/* End XCBuildConfiguration section */

/* Begin XCConfigurationList section */
		97A96C6927853F8B001B2181 /* Build configuration list for PBXProject "TestRxWithSwiftUI" */ = {
			isa = XCConfigurationList;
			buildConfigurations = (
				97A96C9927853F8C001B2181 /* Debug */,
				97A96C9A27853F8C001B2181 /* Release */,
			);
			defaultConfigurationIsVisible = 0;
			defaultConfigurationName = Release;
		};
		97A96C9B27853F8C001B2181 /* Build configuration list for PBXNativeTarget "TestRxWithSwiftUI (iOS)" */ = {
			isa = XCConfigurationList;
			buildConfigurations = (
				97A96C9C27853F8C001B2181 /* Debug */,
				97A96C9D27853F8C001B2181 /* Release */,
			);
			defaultConfigurationIsVisible = 0;
			defaultConfigurationName = Release;
		};
		97A96C9E27853F8C001B2181 /* Build configuration list for PBXNativeTarget "TestRxWithSwiftUI (macOS)" */ = {
			isa = XCConfigurationList;
			buildConfigurations = (
				97A96C9F27853F8C001B2181 /* Debug */,
				97A96CA027853F8C001B2181 /* Release */,
			);
			defaultConfigurationIsVisible = 0;
			defaultConfigurationName = Release;
		};
		97A96CA127853F8C001B2181 /* Build configuration list for PBXNativeTarget "Tests iOS" */ = {
			isa = XCConfigurationList;
			buildConfigurations = (
				97A96CA227853F8C001B2181 /* Debug */,
				97A96CA327853F8C001B2181 /* Release */,
			);
			defaultConfigurationIsVisible = 0;
			defaultConfigurationName = Release;
		};
		97A96CA427853F8C001B2181 /* Build configuration list for PBXNativeTarget "Tests macOS" */ = {
			isa = XCConfigurationList;
			buildConfigurations = (
				97A96CA527853F8C001B2181 /* Debug */,
				97A96CA627853F8C001B2181 /* Release */,
			);
			defaultConfigurationIsVisible = 0;
			defaultConfigurationName = Release;
		};
/* End XCConfigurationList section */

/* Begin XCRemoteSwiftPackageReference section */
		973C2CF127969A6500FD2124 /* XCRemoteSwiftPackageReference "Nimble" */ = {
			isa = XCRemoteSwiftPackageReference;
			repositoryURL = "https://github.com/Quick/Nimble.git";
			requirement = {
				branch = main;
				kind = branch;
			};
		};
		973C2CF427969B2200FD2124 /* XCRemoteSwiftPackageReference "Quick" */ = {
			isa = XCRemoteSwiftPackageReference;
			repositoryURL = "https://github.com/Quick/Quick.git";
			requirement = {
				branch = main;
				kind = branch;
			};
		};
		97A96CA727854128001B2181 /* XCRemoteSwiftPackageReference "RxSwift" */ = {
			isa = XCRemoteSwiftPackageReference;
			repositoryURL = "https://github.com/ReactiveX/RxSwift";
			requirement = {
				kind = upToNextMajorVersion;
				minimumVersion = 6.0.0;
			};
		};
/* End XCRemoteSwiftPackageReference section */

/* Begin XCSwiftPackageProductDependency section */
		973C2CF227969A6500FD2124 /* Nimble */ = {
			isa = XCSwiftPackageProductDependency;
			package = 973C2CF127969A6500FD2124 /* XCRemoteSwiftPackageReference "Nimble" */;
			productName = Nimble;
		};
		973C2CF527969B2200FD2124 /* Quick */ = {
			isa = XCSwiftPackageProductDependency;
			package = 973C2CF427969B2200FD2124 /* XCRemoteSwiftPackageReference "Quick" */;
			productName = Quick;
		};
		973C2CF827969E0300FD2124 /* RxCocoa */ = {
			isa = XCSwiftPackageProductDependency;
			package = 97A96CA727854128001B2181 /* XCRemoteSwiftPackageReference "RxSwift" */;
			productName = RxCocoa;
		};
		973C2CFA27969E2A00FD2124 /* RxBlocking */ = {
			isa = XCSwiftPackageProductDependency;
			package = 97A96CA727854128001B2181 /* XCRemoteSwiftPackageReference "RxSwift" */;
			productName = RxBlocking;
		};
		973C2CFC27969E2A00FD2124 /* RxRelay */ = {
			isa = XCSwiftPackageProductDependency;
			package = 97A96CA727854128001B2181 /* XCRemoteSwiftPackageReference "RxSwift" */;
			productName = RxRelay;
		};
		973C2CFE27969E2A00FD2124 /* RxSwift */ = {
			isa = XCSwiftPackageProductDependency;
			package = 97A96CA727854128001B2181 /* XCRemoteSwiftPackageReference "RxSwift" */;
			productName = RxSwift;
		};
		973C2D0027969E2A00FD2124 /* RxTest */ = {
			isa = XCSwiftPackageProductDependency;
			package = 97A96CA727854128001B2181 /* XCRemoteSwiftPackageReference "RxSwift" */;
			productName = RxTest;
		};
		97A96CA827854128001B2181 /* RxBlocking */ = {
			isa = XCSwiftPackageProductDependency;
			package = 97A96CA727854128001B2181 /* XCRemoteSwiftPackageReference "RxSwift" */;
			productName = RxBlocking;
		};
		97A96CAA27854128001B2181 /* RxCocoa */ = {
			isa = XCSwiftPackageProductDependency;
			package = 97A96CA727854128001B2181 /* XCRemoteSwiftPackageReference "RxSwift" */;
			productName = RxCocoa;
		};
		97A96CAC27854128001B2181 /* RxRelay */ = {
			isa = XCSwiftPackageProductDependency;
			package = 97A96CA727854128001B2181 /* XCRemoteSwiftPackageReference "RxSwift" */;
			productName = RxRelay;
		};
		97A96CAE27854128001B2181 /* RxSwift */ = {
			isa = XCSwiftPackageProductDependency;
			package = 97A96CA727854128001B2181 /* XCRemoteSwiftPackageReference "RxSwift" */;
			productName = RxSwift;
		};
/* End XCSwiftPackageProductDependency section */
	};
	rootObject = 97A96C6627853F8B001B2181 /* Project object */;
}
